
Microsoft Visual Studio Solution File, Format Version 12.00
# Visual Studio 15
VisualStudioVersion = 15.0.26430.16
MinimumVisualStudioVersion = 10.0.40219.1
Project("{8BC9CEB8-8B4A-11D0-8D11-00A0C91BC942}") = "FirstBlood!", "FirstBlood!\FirstBlood!.vcxproj", "{25A48AAE-060C-431A-9ED4-D9E5736E8518}"
EndProject
Project("{8BC9CEB8-8B4A-11D0-8D11-00A0C91BC942}") = "GameCore", "GameCore\GameCore.vcxproj", "{16A33862-E338-41F4-869E-3A5BE9C6F5E4}"
EndProject
Project("{8BC9CEB8-8B4A-11D0-8D11-00A0C91BC942}") = "GDIdemoCore", "GDIdemoCore\GDIdemoCore.vcxproj", "{D42C5DDF-9765-4C34-ABD6-2375ED54601F}"
EndProject
Project("{8BC9CEB8-8B4A-11D0-8D11-00A0C91BC942}") = "GDIdemo1", "GDIdemo1\GDIdemo1.vcxproj", "{881847C8-5E17-44C8-892F-ED5402DA9D4D}"
EndProject
Project("{8BC9CEB8-8B4A-11D0-8D11-00A0C91BC942}") = "GDIdemo2", "GDIdemo2\GDIdemo2.vcxproj", "{AE4A3CE6-C22E-4E8A-BB86-2F8790856CA4}"
EndProject
Project("{8BC9CEB8-8B4A-11D0-8D11-00A0C91BC942}") = "GDIdemo3", "GDIdemo3\GDIdemo3.vcxproj", "{11D68790-D49B-422B-BBDD-3C6AD4AF4976}"
EndProject
Project("{8BC9CEB8-8B4A-11D0-8D11-00A0C91BC942}") = "GDIdemo4", "GDIdemo4\GDIdemo4.vcxproj", "{61EC384D-6281-487C-B39F-DC9AD6906172}"
EndProject
Project("{8BC9CEB8-8B4A-11D0-8D11-00A0C91BC942}") = "GDIdemo5", "GDIdemo5\GDIdemo5.vcxproj", "{8905DBFF-D093-4C2E-B754-F490786B9811}"
EndProject
Project("{8BC9CEB8-8B4A-11D0-8D11-00A0C91BC942}") = "GDIdemo6", "GDIdemo6\GDIdemo6.vcxproj", "{6D7DF275-8BF3-4623-AFB2-3A5EB9295921}"
EndProject
Project("{8BC9CEB8-8B4A-11D0-8D11-00A0C91BC942}") = "GDIdemo7", "GDIdemo7\GDIdemo7.vcxproj", "{955C3988-D626-47A0-AB1A-C8C32B8F034B}"
EndProject
Project("{8BC9CEB8-8B4A-11D0-8D11-00A0C91BC942}") = "GDIdemo8", "GDIdemo8\GDIdemo8.vcxproj", "{2F4F1043-F334-4E43-9495-7A447E05312C}"
EndProject
Project("{8BC9CEB8-8B4A-11D0-8D11-00A0C91BC942}") = "GDIdemo9", "GDIdemo9\GDIdemo9.vcxproj", "{15473522-7CA9-496B-A359-392064DC5AF8}"
EndProject
Global
	GlobalSection(SolutionConfigurationPlatforms) = preSolution
		Debug|x64 = Debug|x64
		Debug|x86 = Debug|x86
		Release|x64 = Release|x64
		Release|x86 = Release|x86
	EndGlobalSection
	GlobalSection(ProjectConfigurationPlatforms) = postSolution
		{25A48AAE-060C-431A-9ED4-D9E5736E8518}.Debug|x64.ActiveCfg = Debug|x64
		{25A48AAE-060C-431A-9ED4-D9E5736E8518}.Debug|x64.Build.0 = Debug|x64
		{25A48AAE-060C-431A-9ED4-D9E5736E8518}.Debug|x86.ActiveCfg = Debug|Win32
		{25A48AAE-060C-431A-9ED4-D9E5736E8518}.Debug|x86.Build.0 = Debug|Win32
		{25A48AAE-060C-431A-9ED4-D9E5736E8518}.Release|x64.ActiveCfg = Release|x64
		{25A48AAE-060C-431A-9ED4-D9E5736E8518}.Release|x64.Build.0 = Release|x64
		{25A48AAE-060C-431A-9ED4-D9E5736E8518}.Release|x86.ActiveCfg = Release|Win32
		{25A48AAE-060C-431A-9ED4-D9E5736E8518}.Release|x86.Build.0 = Release|Win32
		{16A33862-E338-41F4-869E-3A5BE9C6F5E4}.Debug|x64.ActiveCfg = Debug|x64
		{16A33862-E338-41F4-869E-3A5BE9C6F5E4}.Debug|x64.Build.0 = Debug|x64
		{16A33862-E338-41F4-869E-3A5BE9C6F5E4}.Debug|x86.ActiveCfg = Debug|Win32
		{16A33862-E338-41F4-869E-3A5BE9C6F5E4}.Debug|x86.Build.0 = Debug|Win32
		{16A33862-E338-41F4-869E-3A5BE9C6F5E4}.Release|x64.ActiveCfg = Release|x64
		{16A33862-E338-41F4-869E-3A5BE9C6F5E4}.Release|x64.Build.0 = Release|x64
		{16A33862-E338-41F4-869E-3A5BE9C6F5E4}.Release|x86.ActiveCfg = Release|Win32
		{16A33862-E338-41F4-869E-3A5BE9C6F5E4}.Release|x86.Build.0 = Release|Win32
		{D42C5DDF-9765-4C34-ABD6-2375ED54601F}.Debug|x64.ActiveCfg = Debug|x64
		{D42C5DDF-9765-4C34-ABD6-2375ED54601F}.Debug|x64.Build.0 = Debug|x64
		{D42C5DDF-9765-4C34-ABD6-2375ED54601F}.Debug|x86.ActiveCfg = Debug|Win32
		{D42C5DDF-9765-4C34-ABD6-2375ED54601F}.Debug|x86.Build.0 = Debug|Win32
		{D42C5DDF-9765-4C34-ABD6-2375ED54601F}.Release|x64.ActiveCfg = Release|x64
		{D42C5DDF-9765-4C34-ABD6-2375ED54601F}.Release|x64.Build.0 = Release|x64
		{D42C5DDF-9765-4C34-ABD6-2375ED54601F}.Release|x86.ActiveCfg = Release|Win32
		{D42C5DDF-9765-4C34-ABD6-2375ED54601F}.Release|x86.Build.0 = Release|Win32
		{881847C8-5E17-44C8-892F-ED5402DA9D4D}.Debug|x64.ActiveCfg = Debug|x64
		{881847C8-5E17-44C8-892F-ED5402DA9D4D}.Debug|x64.Build.0 = Debug|x64
		{881847C8-5E17-44C8-892F-ED5402DA9D4D}.Debug|x86.ActiveCfg = Debug|Win32
		{881847C8-5E17-44C8-892F-ED5402DA9D4D}.Debug|x86.Build.0 = Debug|Win32
		{881847C8-5E17-44C8-892F-ED5402DA9D4D}.Release|x64.ActiveCfg = Release|x64
		{881847C8-5E17-44C8-892F-ED5402DA9D4D}.Release|x64.Build.0 = Release|x64
		{881847C8-5E17-44C8-892F-ED5402DA9D4D}.Release|x86.ActiveCfg = Release|Win32
		{881847C8-5E17-44C8-892F-ED5402DA9D4D}.Release|x86.Build.0 = Release|Win32
		{AE4A3CE6-C22E-4E8A-BB86-2F8790856CA4}.Debug|x64.ActiveCfg = Debug|x64
		{AE4A3CE6-C22E-4E8A-BB86-2F8790856CA4}.Debug|x64.Build.0 = Debug|x64
		{AE4A3CE6-C22E-4E8A-BB86-2F8790856CA4}.Debug|x86.ActiveCfg = Debug|Win32
		{AE4A3CE6-C22E-4E8A-BB86-2F8790856CA4}.Debug|x86.Build.0 = Debug|Win32
		{AE4A3CE6-C22E-4E8A-BB86-2F8790856CA4}.Release|x64.ActiveCfg = Release|x64
		{AE4A3CE6-C22E-4E8A-BB86-2F8790856CA4}.Release|x64.Build.0 = Release|x64
		{AE4A3CE6-C22E-4E8A-BB86-2F8790856CA4}.Release|x86.ActiveCfg = Release|Win32
		{AE4A3CE6-C22E-4E8A-BB86-2F8790856CA4}.Release|x86.Build.0 = Release|Win32
		{11D68790-D49B-422B-BBDD-3C6AD4AF4976}.Debug|x64.ActiveCfg = Debug|x64
		{11D68790-D49B-422B-BBDD-3C6AD4AF4976}.Debug|x64.Build.0 = Debug|x64
		{11D68790-D49B-422B-BBDD-3C6AD4AF4976}.Debug|x86.ActiveCfg = Debug|Win32
		{11D68790-D49B-422B-BBDD-3C6AD4AF4976}.Debug|x86.Build.0 = Debug|Win32
		{11D68790-D49B-422B-BBDD-3C6AD4AF4976}.Release|x64.ActiveCfg = Release|x64
		{11D68790-D49B-422B-BBDD-3C6AD4AF4976}.Release|x64.Build.0 = Release|x64
		{11D68790-D49B-422B-BBDD-3C6AD4AF4976}.Release|x86.ActiveCfg = Release|Win32
		{11D68790-D49B-422B-BBDD-3C6AD4AF4976}.Release|x86.Build.0 = Release|Win32
		{61EC384D-6281-487C-B39F-DC9AD6906172}.Debug|x64.ActiveCfg = Debug|x64
		{61EC384D-6281-487C-B39F-DC9AD6906172}.Debug|x64.Build.0 = Debug|x64
		{61EC384D-6281-487C-B39F-DC9AD6906172}.Debug|x86.ActiveCfg = Debug|Win32
		{61EC384D-6281-487C-B39F-DC9AD6906172}.Debug|x86.Build.0 = Debug|Win32
		{61EC384D-6281-487C-B39F-DC9AD6906172}.Release|x64.ActiveCfg = Release|x64
		{61EC384D-6281-487C-B39F-DC9AD6906172}.Release|x64.Build.0 = Release|x64
		{61EC384D-6281-487C-B39F-DC9AD6906172}.Release|x86.ActiveCfg = Release|Win32
		{61EC384D-6281-487C-B39F-DC9AD6906172}.Release|x86.Build.0 = Release|Win32
		{8905DBFF-D093-4C2E-B754-F490786B9811}.Debug|x64.ActiveCfg = Debug|x64
		{8905DBFF-D093-4C2E-B754-F490786B9811}.Debug|x64.Build.0 = Debug|x64
		{8905DBFF-D093-4C2E-B754-F490786B9811}.Debug|x86.ActiveCfg = Debug|Win32
		{8905DBFF-D093-4C2E-B754-F490786B9811}.Debug|x86.Build.0 = Debug|Win32
		{8905DBFF-D093-4C2E-B754-F490786B9811}.Release|x64.ActiveCfg = Release|x64
		{8905DBFF-D093-4C2E-B754-F490786B9811}.Release|x64.Build.0 = Release|x64
		{8905DBFF-D093-4C2E-B754-F490786B9811}.Release|x86.ActiveCfg = Release|Win32
		{8905DBFF-D093-4C2E-B754-F490786B9811}.Release|x86.Build.0 = Release|Win32
		{6D7DF275-8BF3-4623-AFB2-3A5EB9295921}.Debug|x64.ActiveCfg = Debug|x64
		{6D7DF275-8BF3-4623-AFB2-3A5EB9295921}.Debug|x64.Build.0 = Debug|x64
		{6D7DF275-8BF3-4623-AFB2-3A5EB9295921}.Debug|x86.ActiveCfg = Debug|Win32
		{6D7DF275-8BF3-4623-AFB2-3A5EB9295921}.Debug|x86.Build.0 = Debug|Win32
		{6D7DF275-8BF3-4623-AFB2-3A5EB9295921}.Release|x64.ActiveCfg = Release|x64
		{6D7DF275-8BF3-4623-AFB2-3A5EB9295921}.Release|x64.Build.0 = Release|x64
		{6D7DF275-8BF3-4623-AFB2-3A5EB9295921}.Release|x86.ActiveCfg = Release|Win32
		{6D7DF275-8BF3-4623-AFB2-3A5EB9295921}.Release|x86.Build.0 = Release|Win32
		{955C3988-D626-47A0-AB1A-C8C32B8F034B}.Debug|x64.ActiveCfg = Debug|x64
		{955C3988-D626-47A0-AB1A-C8C32B8F034B}.Debug|x64.Build.0 = Debug|x64
		{955C3988-D626-47A0-AB1A-C8C32B8F034B}.Debug|x86.ActiveCfg = Debug|Win32
		{955C3988-D626-47A0-AB1A-C8C32B8F034B}.Debug|x86.Build.0 = Debug|Win32
		{955C3988-D626-47A0-AB1A-C8C32B8F034B}.Release|x64.ActiveCfg = Release|x64
		{955C3988-D626-47A0-AB1A-C8C32B8F034B}.Release|x64.Build.0 = Release|x64
		{955C3988-D626-47A0-AB1A-C8C32B8F034B}.Release|x86.ActiveCfg = Release|Win32
		{955C3988-D626-47A0-AB1A-C8C32B8F034B}.Release|x86.Build.0 = Release|Win32
		{2F4F1043-F334-4E43-9495-7A447E05312C}.Debug|x64.ActiveCfg = Debug|x64
		{2F4F1043-F334-4E43-9495-7A447E05312C}.Debug|x64.Build.0 = Debug|x64
		{2F4F1043-F334-4E43-9495-7A447E05312C}.Debug|x86.ActiveCfg = Debug|Win32
		{2F4F1043-F334-4E43-9495-7A447E05312C}.Debug|x86.Build.0 = Debug|Win32
		{2F4F1043-F334-4E43-9495-7A447E05312C}.Release|x64.ActiveCfg = Release|x64
		{2F4F1043-F334-4E43-9495-7A447E05312C}.Release|x64.Build.0 = Release|x64
		{2F4F1043-F334-4E43-9495-7A447E05312C}.Release|x86.ActiveCfg = Release|Win32
		{2F4F1043-F334-4E43-9495-7A447E05312C}.Release|x86.Build.0 = Release|Win32
		{15473522-7CA9-496B-A359-392064DC5AF8}.Debug|x64.ActiveCfg = Debug|x64
		{15473522-7CA9-496B-A359-392064DC5AF8}.Debug|x64.Build.0 = Debug|x64
		{15473522-7CA9-496B-A359-392064DC5AF8}.Debug|x86.ActiveCfg = Debug|Win32
		{15473522-7CA9-496B-A359-392064DC5AF8}.Debug|x86.Build.0 = Debug|Win32
		{15473522-7CA9-496B-A359-392064DC5AF8}.Release|x64.ActiveCfg = Release|x64
		{15473522-7CA9-496B-A359-392064DC5AF8}.Release|x64.Build.0 = Release|x64
		{15473522-7CA9-496B-A359-392064DC5AF8}.Release|x86.ActiveCfg = Release|Win32
		{15473522-7CA9-496B-A359-392064DC5AF8}.Release|x86.Build.0 = Release|Win32
	EndGlobalSection
	GlobalSection(SolutionProperties) = preSolution
		HideSolutionNode = FALSE
	EndGlobalSection
EndGlobal
